
Microsoft Visual Studio Solution File, Format Version 12.00
# Visual Studio 15
VisualStudioVersion = 15.0.27703.2042
MinimumVisualStudioVersion = 10.0.40219.1
Project("{8BC9CEB8-8B4A-11D0-8D11-00A0C91BC942}") = "建模", "建模\建模.vcxproj", "{C93B64A3-58A0-4D8D-816F-5BA1B582A534}"
EndProject
Global
	GlobalSection(SolutionConfigurationPlatforms) = preSolution
		Debug|x64 = Debug|x64
		Debug|x86 = Debug|x86
		Release|x64 = Release|x64
		Release|x86 = Release|x86
	EndGlobalSection
	GlobalSection(ProjectConfigurationPlatforms) = postSolution
		{C93B64A3-58A0-4D8D-816F-5BA1B582A534}.Debug|x64.ActiveCfg = Debug|x64
		{C93B64A3-58A0-4D8D-816F-5BA1B582A534}.Debug|x64.Build.0 = Debug|x64
		{C93B64A3-58A0-4D8D-816F-5BA1B582A534}.Debug|x86.ActiveCfg = Debug|Win32
		{C93B64A3-58A0-4D8D-816F-5BA1B582A534}.Debug|x86.Build.0 = Debug|Win32
		{C93B64A3-58A0-4D8D-816F-5BA1B582A534}.Release|x64.ActiveCfg = Release|x64
		{C93B64A3-58A0-4D8D-816F-5BA1B582A534}.Release|x64.Build.0 = Release|x64
		{C93B64A3-58A0-4D8D-816F-5BA1B582A534}.Release|x86.ActiveCfg = Release|Win32
		{C93B64A3-58A0-4D8D-816F-5BA1B582A534}.Release|x86.Build.0 = Release|Win32
	EndGlobalSection
	GlobalSection(SolutionProperties) = preSolution
		HideSolutionNode = FALSE
	EndGlobalSection
	GlobalSection(ExtensibilityGlobals) = postSolution
		SolutionGuid = {757B81C7-67AE-4FF0-9769-D6E31B566F52}
	EndGlobalSection
EndGlobal
